name: homepage immutable production lock

on:
  push:
    branches:
      - main
      - feature/competitive-design-review
      - feature/homepage-practice-control-graphic
      - feature/client-acquisition-visual-redesign
  pull_request:
    branches:
      - main
      - feature/competitive-design-review
      - feature/homepage-practice-control-graphic
      - feature/client-acquisition-visual-redesign

permissions:
  contents: read

jobs:
  verify-homepage-lock:
    runs-on: ubuntu-latest
    steps:
      - name: Checkout repository
        uses: actions/checkout@v4

      - name: Verify immutable homepage baseline
        shell: bash
        run: |
          set -euo pipefail

          verify_blob() {
            local path="$1"
            local expected="$2"
            local actual

            if [[ ! -f "$path" ]]; then
              echo "FAIL: locked homepage file is missing: $path"
              return 1
            fi

            actual="$(git hash-object "$path")"
            if [[ "$actual" != "$expected" ]]; then
              echo "FAIL: immutable homepage baseline drift detected"
              echo "path=$path"
              echo "expected=$expected"
              echo "actual=$actual"
              echo "The homepage is production approved in its entirety. Explicitly reopen homepage review before changing it."
              return 1
            fi

            echo "PASS: $path"
          }

          # Entire approved homepage markup, including all sections and CTA.
          verify_blob "docs/index.html" "2cb97e25065e4ef4fe9b6a47e6352de29a0fb157"

          # Core visual layer used by the approved homepage.
          verify_blob "docs/assets/css/bbs-infographic-site-v24.css" "b48354b84da260ce505bae0f277206346d8e770b"

          # Approved homepage journey and institutional model.
          verify_blob "docs/assets/css/bbs-homepage-journey-v25.css" "6cca7c8bd4a2e352f053e7514cbdf21864d37b54"
          verify_blob "docs/assets/css/bbs-homepage-institution-v26.css" "6bfb995dfd57ee6fcec22f506921768c7821ed09"
          verify_blob "docs/assets/css/bbs-homepage-institution-v27.css" "3214b3e067508d19443b3f70550a04ea215fc2a8"
          verify_blob "docs/assets/css/bbs-homepage-engagement-v30.css" "870f9a58c5de274c776335b14d0776efc194c104"
          verify_blob "docs/assets/css/bbs-homepage-institution-arrow-v31.css" "1ab30ca5bc90b24e86ed9ee248dffa3bfcc62506"

          # Approved focused-services visual.
          verify_blob "docs/assets/css/bbs-homepage-services-v32.css" "a2241519b87ddb80d9a96dce82d15120109da7c9"
          verify_blob "docs/assets/img/service-application-api-v32.svg" "f187ad88b79bc43d3edc457f70e52cd689eebba0"
          verify_blob "docs/assets/img/service-adversary-validation-v32.svg" "257a5c90127a56b98dabaeda823da59bfeb5e695"
          verify_blob "docs/assets/img/service-ai-security-v32.svg" "b1fc2a68bd8bd3d08c9f38bf180177143d3e7e5d"
          verify_blob "docs/assets/img/service-secure-systems-v32.svg" "a12bad05a0093184a1ddff10410367ef4dd0e389"

          # Approved engagement-rigor visual.
          verify_blob "docs/assets/css/bbs-homepage-rigor-v33.css" "f602216200db742229002116fd04465c71626912"
          verify_blob "docs/assets/img/lifecycle-authorize-v33.svg" "0365a4a43666e28b3a66afe7fee20adcd6d695f6"
          verify_blob "docs/assets/img/lifecycle-test-v33.svg" "6cffad47e5b7cecec2da333fe1c811290759c475"
          verify_blob "docs/assets/img/lifecycle-evidence-v33.svg" "85ea6e2808e929dadaba25d6fff91c7db7aa6410"
          verify_blob "docs/assets/img/lifecycle-report-v33.svg" "664790d981850eb12605d226e3a79e36464abb5f"
          verify_blob "docs/assets/img/lifecycle-remediate-v33.svg" "8539d564126ee7acf33fc9451dc0c84a692788f1"
          verify_blob "docs/assets/img/lifecycle-retest-v33.svg" "d88167f466de455f017a9da3efbe9f663bef074d"

          # Approved client-data visual.
          verify_blob "docs/assets/css/bbs-homepage-data-v34.css" "d60d8efcc1ef395d97d1fa8baa8b7cd3be008ec6"
          verify_blob "docs/assets/img/data-collect-v34.svg" "e978ef015821d29eecca78e22f96d6f5003e4e3f"
          verify_blob "docs/assets/img/data-preserve-v34.svg" "e600b46336775aad324a699ba9f04f509fa105c4"
          verify_blob "docs/assets/img/data-sanitize-v34.svg" "23626a54956006e2c4c78d25e66244c9a5df5864"
          verify_blob "docs/assets/img/data-deliver-v34.svg" "41b58ff39edcb409a1ceb8f3afc5bb789d844a7c"

          # Ensure the homepage-specific layers used by the approved render remain loaded.
          python3 - <<'PY'
          from pathlib import Path
          import sys

          layout = Path("docs/_layouts/home-v2.html").read_text(encoding="utf-8")
          required = [
              "bbs-infographic-site-v24.css",
              "bbs-homepage-journey-v25.css",
              "bbs-homepage-institution-v26.css",
              "bbs-homepage-institution-v27.css",
              "bbs-homepage-engagement-v30.css",
              "bbs-homepage-institution-arrow-v31.css",
              "bbs-homepage-services-v32.css",
              "bbs-homepage-rigor-v33.css",
              "bbs-homepage-data-v34.css",
          ]
          for stylesheet in required:
              if stylesheet not in layout:
                  print(f"FAIL: locked homepage stylesheet is no longer loaded: {stylesheet}")
                  sys.exit(1)
              print(f"PASS: stylesheet loader includes {stylesheet}")

          print("PASS: complete production-approved homepage baseline is intact")
          PY
